<?xml version="1.0" encoding="utf-8"?>
<Project ToolsVersion="4.0" xmlns="http://schemas.microsoft.com/developer/msbuild/2003">
  <ItemGroup>
    <Filter Include="Source Files">
      <UniqueIdentifier>{4FC737F1-C7A5-4376-A066-2A32D752A2FF}</UniqueIdentifier>
      <Extensions>cpp;c;cc;cxx;c++;cppm;ixx;def;odl;idl;hpj;bat;asm;asmx</Extensions>
    </Filter>
    <Filter Include="Header Files">
      <UniqueIdentifier>{93995380-89BD-4b04-88EB-625FBE52EBFB}</UniqueIdentifier>
      <Extensions>h;hh;hpp;hxx;h++;hm;inl;inc;ipp;xsd</Extensions>
    </Filter>
    <Filter Include="Resource Files">
      <UniqueIdentifier>{67DA6AB6-F800-4c08-8B7A-83BB121AAD01}</UniqueIdentifier>
      <Extensions>rc;ico;cur;bmp;dlg;rc2;rct;bin;rgs;gif;jpg;jpeg;jpe;resx;tiff;tif;png;wav;mfcribbon-ms</Extensions>
    </Filter>
  </ItemGroup>
  <ItemGroup>
    <ClCompile Include="main.cpp">
      <Filter>Source Files</Filter>
    </ClCompile>
    <ClCompile Include="CORVID_GEOM.cpp">
      <Filter>Source Files</Filter>
    </ClCompile>
    <ClCompile Include="CORVID_SPRITES.cpp">
      <Filter>Source Files</Filter>
    </ClCompile>
    <ClCompile Include="CORVID_WORLD.cpp">
      <Filter>Source Files</Filter>
    </ClCompile>
    <ClCompile Include="CORVID_EVENT.cpp">
      <Filter>Source Files</Filter>
    </ClCompile>
    <ClCompile Include="CORVID_WINDOW.cpp">
      <Filter>Source Files</Filter>
    </ClCompile>
    <ClCompile Include="CORVID_FILE.cpp">
      <Filter>Source Files</Filter>
    </ClCompile>
    <ClCompile Include="CORVID_TEXTURE.cpp">
      <Filter>Source Files</Filter>
    </ClCompile>
    <ClCompile Include="CORVID_TEXT.cpp">
      <Filter>Source Files</Filter>
    </ClCompile>
    <ClCompile Include="CORVID_STRUCTURE.cpp">
      <Filter>Source Files</Filter>
    </ClCompile>
  </ItemGroup>
  <ItemGroup>
    <ClInclude Include="CORVID_GEOM.h">
      <Filter>Header Files</Filter>
    </ClInclude>
    <ClInclude Include="CORVID_SPRITES.h">
      <Filter>Header Files</Filter>
    </ClInclude>
    <ClInclude Include="CORVID_WORLD.h">
      <Filter>Header Files</Filter>
    </ClInclude>
    <ClInclude Include="CORVID_EVENT.h">
      <Filter>Header Files</Filter>
    </ClInclude>
    <ClInclude Include="CORVID_WINDOW.h">
      <Filter>Header Files</Filter>
    </ClInclude>
    <ClInclude Include="CORVID_FILE.h">
      <Filter>Header Files</Filter>
    </ClInclude>
    <ClInclude Include="CORVID_TEXTURE.h">
      <Filter>Header Files</Filter>
    </ClInclude>
    <ClInclude Include="CORVID_CONSTS.h">
      <Filter>Header Files</Filter>
    </ClInclude>
    <ClInclude Include="CORVID_TEXT.h">
      <Filter>Header Files</Filter>
    </ClInclude>
    <ClInclude Include="CORVID_CLASS.h">
      <Filter>Header Files</Filter>
    </ClInclude>
    <ClInclude Include="CORVID_STRUCTURE.h">
      <Filter>Header Files</Filter>
    </ClInclude>
  </ItemGroup>
  <ItemGroup>
    <Text Include="TODO.txt">
      <Filter>Resource Files</Filter>
    </Text>
    <Text Include="Notes.txt">
      <Filter>Resource Files</Filter>
    </Text>
    <Text Include="default\textures.txt">
      <Filter>Resource Files</Filter>
    </Text>
  </ItemGroup>
  <ItemGroup>
    <Image Include="BlankSpriteSheet.png">
      <Filter>Resource Files</Filter>
    </Image>
    <Image Include="BlueGoal.png">
      <Filter>Resource Files</Filter>
    </Image>
    <Image Include="brick.png">
      <Filter>Resource Files</Filter>
    </Image>
    <Image Include="darkSky.png">
      <Filter>Resource Files</Filter>
    </Image>
    <Image Include="GreenGoal.png">
      <Filter>Resource Files</Filter>
    </Image>
    <Image Include="ground.png">
      <Filter>Resource Files</Filter>
    </Image>
    <Image Include="LargeBrick.png">
      <Filter>Resource Files</Filter>
    </Image>
    <Image Include="PlayerSprite.png">
      <Filter>Resource Files</Filter>
    </Image>
    <Image Include="sky.png">
      <Filter>Resource Files</Filter>
    </Image>
    <Image Include="sky2.png">
      <Filter>Resource Files</Filter>
    </Image>
    <Image Include="spike.png">
      <Filter>Resource Files</Filter>
    </Image>
    <Image Include="SpriteSheetBlock.png">
      <Filter>Resource Files</Filter>
    </Image>
    <Image Include="SpriteSheetSpike.png">
      <Filter>Resource Files</Filter>
    </Image>
    <Image Include="titleScreen.png">
      <Filter>Resource Files</Filter>
    </Image>
    <Image Include="SpriteSheetBlockSeeThrough.png">
      <Filter>Resource Files</Filter>
    </Image>
    <Image Include="SpriteSheetBlockSelected.png">
      <Filter>Resource Files</Filter>
    </Image>
  </ItemGroup>
  <ItemGroup>
    <None Include="ClassDiagram1.cd" />
    <None Include="default\obj.bin">
      <Filter>Resource Files</Filter>
    </None>
    <None Include="testo\testo.bin">
      <Filter>Resource Files</Filter>
    </None>
  </ItemGroup>
</Project>